
Microsoft Visual Studio Solution File, Format Version 12.00
# Visual Studio 15
VisualStudioVersion = 15.0.28307.489
MinimumVisualStudioVersion = 10.0.40219.1
Project("{8BC9CEB8-8B4A-11D0-8D11-00A0C91BC942}") = "Prog3_overload", "Prog3_overload\Prog3_overload.vcxproj", "{C4A4B853-0523-4442-8128-40D696259C12}"
EndProject
Project("{8BC9CEB8-8B4A-11D0-8D11-00A0C91BC942}") = "Big_Decimal", "Big_Decimal\Big_Decimal.vcxproj", "{D03F8233-A60F-48C1-B459-5387433C46BA}"
EndProject
Project("{8BC9CEB8-8B4A-11D0-8D11-00A0C91BC942}") = "Test", "Test\Test.vcxproj", "{13FAA2EB-971E-4135-A292-690026C8292C}"
EndProject
Global
	GlobalSection(SolutionConfigurationPlatforms) = preSolution
		Debug|x64 = Debug|x64
		Debug|x86 = Debug|x86
		Release|x64 = Release|x64
		Release|x86 = Release|x86
	EndGlobalSection
	GlobalSection(ProjectConfigurationPlatforms) = postSolution
		{C4A4B853-0523-4442-8128-40D696259C12}.Debug|x64.ActiveCfg = Debug|x64
		{C4A4B853-0523-4442-8128-40D696259C12}.Debug|x64.Build.0 = Debug|x64
		{C4A4B853-0523-4442-8128-40D696259C12}.Debug|x86.ActiveCfg = Debug|Win32
		{C4A4B853-0523-4442-8128-40D696259C12}.Debug|x86.Build.0 = Debug|Win32
		{C4A4B853-0523-4442-8128-40D696259C12}.Release|x64.ActiveCfg = Release|x64
		{C4A4B853-0523-4442-8128-40D696259C12}.Release|x64.Build.0 = Release|x64
		{C4A4B853-0523-4442-8128-40D696259C12}.Release|x86.ActiveCfg = Release|Win32
		{C4A4B853-0523-4442-8128-40D696259C12}.Release|x86.Build.0 = Release|Win32
		{D03F8233-A60F-48C1-B459-5387433C46BA}.Debug|x64.ActiveCfg = Debug|x64
		{D03F8233-A60F-48C1-B459-5387433C46BA}.Debug|x64.Build.0 = Debug|x64
		{D03F8233-A60F-48C1-B459-5387433C46BA}.Debug|x86.ActiveCfg = Debug|Win32
		{D03F8233-A60F-48C1-B459-5387433C46BA}.Debug|x86.Build.0 = Debug|Win32
		{D03F8233-A60F-48C1-B459-5387433C46BA}.Release|x64.ActiveCfg = Release|x64
		{D03F8233-A60F-48C1-B459-5387433C46BA}.Release|x64.Build.0 = Release|x64
		{D03F8233-A60F-48C1-B459-5387433C46BA}.Release|x86.ActiveCfg = Release|Win32
		{D03F8233-A60F-48C1-B459-5387433C46BA}.Release|x86.Build.0 = Release|Win32
		{13FAA2EB-971E-4135-A292-690026C8292C}.Debug|x64.ActiveCfg = Debug|x64
		{13FAA2EB-971E-4135-A292-690026C8292C}.Debug|x64.Build.0 = Debug|x64
		{13FAA2EB-971E-4135-A292-690026C8292C}.Debug|x86.ActiveCfg = Debug|Win32
		{13FAA2EB-971E-4135-A292-690026C8292C}.Debug|x86.Build.0 = Debug|Win32
		{13FAA2EB-971E-4135-A292-690026C8292C}.Release|x64.ActiveCfg = Release|x64
		{13FAA2EB-971E-4135-A292-690026C8292C}.Release|x64.Build.0 = Release|x64
		{13FAA2EB-971E-4135-A292-690026C8292C}.Release|x86.ActiveCfg = Release|Win32
		{13FAA2EB-971E-4135-A292-690026C8292C}.Release|x86.Build.0 = Release|Win32
	EndGlobalSection
	GlobalSection(SolutionProperties) = preSolution
		HideSolutionNode = FALSE
	EndGlobalSection
	GlobalSection(ExtensibilityGlobals) = postSolution
		SolutionGuid = {75D95B21-2DF7-4209-A640-65DF6101AB16}
	EndGlobalSection
EndGlobal
